
Microsoft Visual Studio Solution File, Format Version 12.00
# Visual Studio Version 17
VisualStudioVersion = 17.12.35707.178
MinimumVisualStudioVersion = 10.0.40219.1
Project("{FAE04EC0-301F-11D3-BF4B-00C04F79EFBC}") = "ClientForm", "ClientForm\ClientForm.csproj", "{12C4BF4D-B216-484A-9D0C-934486AA0CFA}"
EndProject
Project("{FAE04EC0-301F-11D3-BF4B-00C04F79EFBC}") = "ServerForm", "ServerForm\ServerForm.csproj", "{B02BE431-A32A-4D53-8568-7249FCB8B680}"
EndProject
Project("{FAE04EC0-301F-11D3-BF4B-00C04F79EFBC}") = "BaseFormLib", "BaseFormLib\BaseFormLib.csproj", "{76D1F13D-CB54-4B0E-BD6F-A1CC3FC5EA04}"
EndProject
Global
	GlobalSection(SolutionConfigurationPlatforms) = preSolution
		Debug|Any CPU = Debug|Any CPU
		Release|Any CPU = Release|Any CPU
	EndGlobalSection
	GlobalSection(ProjectConfigurationPlatforms) = postSolution
		{12C4BF4D-B216-484A-9D0C-934486AA0CFA}.Debug|Any CPU.ActiveCfg = Debug|Any CPU
		{12C4BF4D-B216-484A-9D0C-934486AA0CFA}.Debug|Any CPU.Build.0 = Debug|Any CPU
		{12C4BF4D-B216-484A-9D0C-934486AA0CFA}.Release|Any CPU.ActiveCfg = Release|Any CPU
		{12C4BF4D-B216-484A-9D0C-934486AA0CFA}.Release|Any CPU.Build.0 = Release|Any CPU
		{B02BE431-A32A-4D53-8568-7249FCB8B680}.Debug|Any CPU.ActiveCfg = Debug|Any CPU
		{B02BE431-A32A-4D53-8568-7249FCB8B680}.Debug|Any CPU.Build.0 = Debug|Any CPU
		{B02BE431-A32A-4D53-8568-7249FCB8B680}.Release|Any CPU.ActiveCfg = Release|Any CPU
		{B02BE431-A32A-4D53-8568-7249FCB8B680}.Release|Any CPU.Build.0 = Release|Any CPU
		{76D1F13D-CB54-4B0E-BD6F-A1CC3FC5EA04}.Debug|Any CPU.ActiveCfg = Debug|Any CPU
		{76D1F13D-CB54-4B0E-BD6F-A1CC3FC5EA04}.Debug|Any CPU.Build.0 = Debug|Any CPU
		{76D1F13D-CB54-4B0E-BD6F-A1CC3FC5EA04}.Release|Any CPU.ActiveCfg = Release|Any CPU
		{76D1F13D-CB54-4B0E-BD6F-A1CC3FC5EA04}.Release|Any CPU.Build.0 = Release|Any CPU
	EndGlobalSection
	GlobalSection(SolutionProperties) = preSolution
		HideSolutionNode = FALSE
	EndGlobalSection
EndGlobal
